{
    "hash": "e2f01ab811b953e0062e539c6e375725",
    "packages": [
        {
            "package": "pimple/pimple",
            "version": "dev-master",
            "alias-pretty-version": "1.0.x-dev",
            "alias-version": "1.0.9999999.9999999-dev"
        },
        {
            "package": "pimple/pimple",
            "version": "dev-master",
            "source-reference": "b9f27b8dc18c08f00627dec02359b46a24791dc3",
            "commit-date": "1347278988"
        },
        {
            "package": "silex/silex",
            "version": "dev-master",
            "alias-pretty-version": "1.0.x-dev",
            "alias-version": "1.0.9999999.9999999-dev"
        },
        {
            "package": "silex/silex",
            "version": "dev-master",
            "source-reference": "fc82b4255ef081dd7d464c5320ca93a902f9190f",
            "commit-date": "1349013590"
        },
        {
            "package": "symfony/event-dispatcher",
            "version": "2.1.x-dev",
            "source-reference": "v2.1.2",
            "commit-date": "1347274422"
        },
        {
            "package": "symfony/http-foundation",
            "version": "2.1.x-dev",
            "source-reference": "17af0b966d268aa62e3487e3c48f0742e919edd1",
            "commit-date": "1349173376"
        },
        {
            "package": "symfony/http-kernel",
            "version": "2.1.x-dev",
            "source-reference": "9d00c6069a5e194826091d72baa5402f623ebf31",
            "commit-date": "1349173376"
        },
        {
            "package": "symfony/routing",
            "version": "2.1.x-dev",
            "source-reference": "v2.1.2",
            "commit-date": "1347274422"
        },
        {
            "package": "symfony/twig-bridge",
            "version": "2.1.x-dev",
            "source-reference": "v2.1.2",
            "commit-date": "1347274422"
        },
        {
            "package": "twig/twig",
            "version": "dev-master",
            "alias-pretty-version": "1.10.x-dev",
            "alias-version": "1.10.9999999.9999999-dev"
        },
        {
            "package": "twig/twig",
            "version": "dev-master",
            "source-reference": "120cde3fa54c31047edf1cd003752ca119dec9a8",
            "commit-date": "1348936415"
        }
    ],
    "packages-dev": null,
    "aliases": [

    ],
    "minimum-stability": "dev",
    "stability-flags": [

    ]
}
